
Microsoft Visual Studio Solution File, Format Version 12.00
# Visual Studio Version 17
VisualStudioVersion = 17.14.36603.0 d17.14
MinimumVisualStudioVersion = 10.0.40219.1
Project("{FAE04EC0-301F-11D3-BF4B-00C04F79EFBC}") = "ConnectProjectWithGitHubTest", "ConnectProjectWithGitHubTest\ConnectProjectWithGitHubTest.csproj", "{7B167E8A-F497-4F4A-9709-BED8F957E6E7}"
EndProject
Global
	GlobalSection(SolutionConfigurationPlatforms) = preSolution
		Debug|Any CPU = Debug|Any CPU
		Release|Any CPU = Release|Any CPU
	EndGlobalSection
	GlobalSection(ProjectConfigurationPlatforms) = postSolution
		{7B167E8A-F497-4F4A-9709-BED8F957E6E7}.Debug|Any CPU.ActiveCfg = Debug|Any CPU
		{7B167E8A-F497-4F4A-9709-BED8F957E6E7}.Debug|Any CPU.Build.0 = Debug|Any CPU
		{7B167E8A-F497-4F4A-9709-BED8F957E6E7}.Release|Any CPU.ActiveCfg = Release|Any CPU
		{7B167E8A-F497-4F4A-9709-BED8F957E6E7}.Release|Any CPU.Build.0 = Release|Any CPU
	EndGlobalSection
	GlobalSection(SolutionProperties) = preSolution
		HideSolutionNode = FALSE
	EndGlobalSection
	GlobalSection(ExtensibilityGlobals) = postSolution
		SolutionGuid = {6130D5D2-30D1-485F-A920-836E8E20ACAD}
	EndGlobalSection
EndGlobal
